
Microsoft Visual Studio Solution File, Format Version 12.00
# Visual Studio 15
VisualStudioVersion = 15.0.26403.7
MinimumVisualStudioVersion = 10.0.40219.1
Project("{FAE04EC0-301F-11D3-BF4B-00C04F79EFBC}") = "Todo.Android", "Todo\Todo.Android\Todo.Android.csproj", "{E1BC19BC-0DA4-40C4-A990-AA8E386A9925}"
EndProject
Project("{FAE04EC0-301F-11D3-BF4B-00C04F79EFBC}") = "Todo", "Todo\Todo\Todo.csproj", "{9906FBDE-8BAD-478A-8B56-EF7A6FBC1693}"
EndProject
Project("{FAE04EC0-301F-11D3-BF4B-00C04F79EFBC}") = "Todo.UWP", "Todo\Todo.UWP\Todo.UWP.csproj", "{7EED39E7-1FF5-4F72-8DC5-95A63BAFD9A3}"
EndProject
Project("{FAE04EC0-301F-11D3-BF4B-00C04F79EFBC}") = "Todo.iOS", "Todo\Todo.iOS\Todo.iOS.csproj", "{E9EF9965-A474-4E56-A0E3-7BF8DE1F6CB6}"
EndProject
Global
	GlobalSection(SolutionConfigurationPlatforms) = preSolution
		Ad-Hoc|Any CPU = Ad-Hoc|Any CPU
		Ad-Hoc|ARM = Ad-Hoc|ARM
		Ad-Hoc|iPhone = Ad-Hoc|iPhone
		Ad-Hoc|iPhoneSimulator = Ad-Hoc|iPhoneSimulator
		Ad-Hoc|x64 = Ad-Hoc|x64
		Ad-Hoc|x86 = Ad-Hoc|x86
		AppStore|Any CPU = AppStore|Any CPU
		AppStore|ARM = AppStore|ARM
		AppStore|iPhone = AppStore|iPhone
		AppStore|iPhoneSimulator = AppStore|iPhoneSimulator
		AppStore|x64 = AppStore|x64
		AppStore|x86 = AppStore|x86
		Debug|Any CPU = Debug|Any CPU
		Debug|ARM = Debug|ARM
		Debug|iPhone = Debug|iPhone
		Debug|iPhoneSimulator = Debug|iPhoneSimulator
		Debug|x64 = Debug|x64
		Debug|x86 = Debug|x86
		Release|Any CPU = Release|Any CPU
		Release|ARM = Release|ARM
		Release|iPhone = Release|iPhone
		Release|iPhoneSimulator = Release|iPhoneSimulator
		Release|x64 = Release|x64
		Release|x86 = Release|x86
	EndGlobalSection
	GlobalSection(ProjectConfigurationPlatforms) = postSolution
		{E1BC19BC-0DA4-40C4-A990-AA8E386A9925}.Ad-Hoc|Any CPU.ActiveCfg = Release|Any CPU
		{E1BC19BC-0DA4-40C4-A990-AA8E386A9925}.Ad-Hoc|Any CPU.Build.0 = Release|Any CPU
		{E1BC19BC-0DA4-40C4-A990-AA8E386A9925}.Ad-Hoc|Any CPU.Deploy.0 = Release|Any CPU
		{E1BC19BC-0DA4-40C4-A990-AA8E386A9925}.Ad-Hoc|ARM.ActiveCfg = Release|Any CPU
		{E1BC19BC-0DA4-40C4-A990-AA8E386A9925}.Ad-Hoc|ARM.Build.0 = Release|Any CPU
		{E1BC19BC-0DA4-40C4-A990-AA8E386A9925}.Ad-Hoc|ARM.Deploy.0 = Release|Any CPU
		{E1BC19BC-0DA4-40C4-A990-AA8E386A9925}.Ad-Hoc|iPhone.ActiveCfg = Release|Any CPU
		{E1BC19BC-0DA4-40C4-A990-AA8E386A9925}.Ad-Hoc|iPhone.Build.0 = Release|Any CPU
		{E1BC19BC-0DA4-40C4-A990-AA8E386A9925}.Ad-Hoc|iPhone.Deploy.0 = Release|Any CPU
		{E1BC19BC-0DA4-40C4-A990-AA8E386A9925}.Ad-Hoc|iPhoneSimulator.ActiveCfg = Release|Any CPU
		{E1BC19BC-0DA4-40C4-A990-AA8E386A9925}.Ad-Hoc|iPhoneSimulator.Build.0 = Release|Any CPU
		{E1BC19BC-0DA4-40C4-A990-AA8E386A9925}.Ad-Hoc|iPhoneSimulator.Deploy.0 = Release|Any CPU
		{E1BC19BC-0DA4-40C4-A990-AA8E386A9925}.Ad-Hoc|x64.ActiveCfg = Release|Any CPU
		{E1BC19BC-0DA4-40C4-A990-AA8E386A9925}.Ad-Hoc|x64.Build.0 = Release|Any CPU
		{E1BC19BC-0DA4-40C4-A990-AA8E386A9925}.Ad-Hoc|x64.Deploy.0 = Release|Any CPU
		{E1BC19BC-0DA4-40C4-A990-AA8E386A9925}.Ad-Hoc|x86.ActiveCfg = Release|Any CPU
		{E1BC19BC-0DA4-40C4-A990-AA8E386A9925}.Ad-Hoc|x86.Build.0 = Release|Any CPU
		{E1BC19BC-0DA4-40C4-A990-AA8E386A9925}.Ad-Hoc|x86.Deploy.0 = Release|Any CPU
		{E1BC19BC-0DA4-40C4-A990-AA8E386A9925}.AppStore|Any CPU.ActiveCfg = Release|Any CPU
		{E1BC19BC-0DA4-40C4-A990-AA8E386A9925}.AppStore|Any CPU.Build.0 = Release|Any CPU
		{E1BC19BC-0DA4-40C4-A990-AA8E386A9925}.AppStore|Any CPU.Deploy.0 = Release|Any CPU
		{E1BC19BC-0DA4-40C4-A990-AA8E386A9925}.AppStore|ARM.ActiveCfg = Release|Any CPU
		{E1BC19BC-0DA4-40C4-A990-AA8E386A9925}.AppStore|ARM.Build.0 = Release|Any CPU
		{E1BC19BC-0DA4-40C4-A990-AA8E386A9925}.AppStore|ARM.Deploy.0 = Release|Any CPU
		{E1BC19BC-0DA4-40C4-A990-AA8E386A9925}.AppStore|iPhone.ActiveCfg = Release|Any CPU
		{E1BC19BC-0DA4-40C4-A990-AA8E386A9925}.AppStore|iPhone.Build.0 = Release|Any CPU
		{E1BC19BC-0DA4-40C4-A990-AA8E386A9925}.AppStore|iPhone.Deploy.0 = Release|Any CPU
		{E1BC19BC-0DA4-40C4-A990-AA8E386A9925}.AppStore|iPhoneSimulator.ActiveCfg = Release|Any CPU
		{E1BC19BC-0DA4-40C4-A990-AA8E386A9925}.AppStore|iPhoneSimulator.Build.0 = Release|Any CPU
		{E1BC19BC-0DA4-40C4-A990-AA8E386A9925}.AppStore|iPhoneSimulator.Deploy.0 = Release|Any CPU
		{E1BC19BC-0DA4-40C4-A990-AA8E386A9925}.AppStore|x64.ActiveCfg = Release|Any CPU
		{E1BC19BC-0DA4-40C4-A990-AA8E386A9925}.AppStore|x64.Build.0 = Release|Any CPU
		{E1BC19BC-0DA4-40C4-A990-AA8E386A9925}.AppStore|x64.Deploy.0 = Release|Any CPU
		{E1BC19BC-0DA4-40C4-A990-AA8E386A9925}.AppStore|x86.ActiveCfg = Release|Any CPU
		{E1BC19BC-0DA4-40C4-A990-AA8E386A9925}.AppStore|x86.Build.0 = Release|Any CPU
		{E1BC19BC-0DA4-40C4-A990-AA8E386A9925}.AppStore|x86.Deploy.0 = Release|Any CPU
		{E1BC19BC-0DA4-40C4-A990-AA8E386A9925}.Debug|Any CPU.ActiveCfg = Debug|Any CPU
		{E1BC19BC-0DA4-40C4-A990-AA8E386A9925}.Debug|Any CPU.Build.0 = Debug|Any CPU
		{E1BC19BC-0DA4-40C4-A990-AA8E386A9925}.Debug|Any CPU.Deploy.0 = Debug|Any CPU
		{E1BC19BC-0DA4-40C4-A990-AA8E386A9925}.Debug|ARM.ActiveCfg = Debug|Any CPU
		{E1BC19BC-0DA4-40C4-A990-AA8E386A9925}.Debug|ARM.Build.0 = Debug|Any CPU
		{E1BC19BC-0DA4-40C4-A990-AA8E386A9925}.Debug|ARM.Deploy.0 = Debug|Any CPU
		{E1BC19BC-0DA4-40C4-A990-AA8E386A9925}.Debug|iPhone.ActiveCfg = Debug|Any CPU
		{E1BC19BC-0DA4-40C4-A990-AA8E386A9925}.Debug|iPhone.Build.0 = Debug|Any CPU
		{E1BC19BC-0DA4-40C4-A990-AA8E386A9925}.Debug|iPhone.Deploy.0 = Debug|Any CPU
		{E1BC19BC-0DA4-40C4-A990-AA8E386A9925}.Debug|iPhoneSimulator.ActiveCfg = Debug|Any CPU
		{E1BC19BC-0DA4-40C4-A990-AA8E386A9925}.Debug|iPhoneSimulator.Build.0 = Debug|Any CPU
		{E1BC19BC-0DA4-40C4-A990-AA8E386A9925}.Debug|iPhoneSimulator.Deploy.0 = Debug|Any CPU
		{E1BC19BC-0DA4-40C4-A990-AA8E386A9925}.Debug|x64.ActiveCfg = Debug|Any CPU
		{E1BC19BC-0DA4-40C4-A990-AA8E386A9925}.Debug|x64.Build.0 = Debug|Any CPU
		{E1BC19BC-0DA4-40C4-A990-AA8E386A9925}.Debug|x64.Deploy.0 = Debug|Any CPU
		{E1BC19BC-0DA4-40C4-A990-AA8E386A9925}.Debug|x86.ActiveCfg = Debug|Any CPU
		{E1BC19BC-0DA4-40C4-A990-AA8E386A9925}.Debug|x86.Build.0 = Debug|Any CPU
		{E1BC19BC-0DA4-40C4-A990-AA8E386A9925}.Debug|x86.Deploy.0 = Debug|Any CPU
		{E1BC19BC-0DA4-40C4-A990-AA8E386A9925}.Release|Any CPU.ActiveCfg = Release|Any CPU
		{E1BC19BC-0DA4-40C4-A990-AA8E386A9925}.Release|Any CPU.Build.0 = Release|Any CPU
		{E1BC19BC-0DA4-40C4-A990-AA8E386A9925}.Release|Any CPU.Deploy.0 = Release|Any CPU
		{E1BC19BC-0DA4-40C4-A990-AA8E386A9925}.Release|ARM.ActiveCfg = Release|Any CPU
		{E1BC19BC-0DA4-40C4-A990-AA8E386A9925}.Release|ARM.Build.0 = Release|Any CPU
		{E1BC19BC-0DA4-40C4-A990-AA8E386A9925}.Release|ARM.Deploy.0 = Release|Any CPU
		{E1BC19BC-0DA4-40C4-A990-AA8E386A9925}.Release|iPhone.ActiveCfg = Release|Any CPU
		{E1BC19BC-0DA4-40C4-A990-AA8E386A9925}.Release|iPhone.Build.0 = Release|Any CPU
		{E1BC19BC-0DA4-40C4-A990-AA8E386A9925}.Release|iPhone.Deploy.0 = Release|Any CPU
		{E1BC19BC-0DA4-40C4-A990-AA8E386A9925}.Release|iPhoneSimulator.ActiveCfg = Release|Any CPU
		{E1BC19BC-0DA4-40C4-A990-AA8E386A9925}.Release|iPhoneSimulator.Build.0 = Release|Any CPU
		{E1BC19BC-0DA4-40C4-A990-AA8E386A9925}.Release|iPhoneSimulator.Deploy.0 = Release|Any CPU
		{E1BC19BC-0DA4-40C4-A990-AA8E386A9925}.Release|x64.ActiveCfg = Release|Any CPU
		{E1BC19BC-0DA4-40C4-A990-AA8E386A9925}.Release|x64.Build.0 = Release|Any CPU
		{E1BC19BC-0DA4-40C4-A990-AA8E386A9925}.Release|x64.Deploy.0 = Release|Any CPU
		{E1BC19BC-0DA4-40C4-A990-AA8E386A9925}.Release|x86.ActiveCfg = Release|Any CPU
		{E1BC19BC-0DA4-40C4-A990-AA8E386A9925}.Release|x86.Build.0 = Release|Any CPU
		{E1BC19BC-0DA4-40C4-A990-AA8E386A9925}.Release|x86.Deploy.0 = Release|Any CPU
		{9906FBDE-8BAD-478A-8B56-EF7A6FBC1693}.Ad-Hoc|Any CPU.ActiveCfg = Release|Any CPU
		{9906FBDE-8BAD-478A-8B56-EF7A6FBC1693}.Ad-Hoc|Any CPU.Build.0 = Release|Any CPU
		{9906FBDE-8BAD-478A-8B56-EF7A6FBC1693}.Ad-Hoc|ARM.ActiveCfg = Release|Any CPU
		{9906FBDE-8BAD-478A-8B56-EF7A6FBC1693}.Ad-Hoc|ARM.Build.0 = Release|Any CPU
		{9906FBDE-8BAD-478A-8B56-EF7A6FBC1693}.Ad-Hoc|iPhone.ActiveCfg = Release|Any CPU
		{9906FBDE-8BAD-478A-8B56-EF7A6FBC1693}.Ad-Hoc|iPhone.Build.0 = Release|Any CPU
		{9906FBDE-8BAD-478A-8B56-EF7A6FBC1693}.Ad-Hoc|iPhoneSimulator.ActiveCfg = Release|Any CPU
		{9906FBDE-8BAD-478A-8B56-EF7A6FBC1693}.Ad-Hoc|iPhoneSimulator.Build.0 = Release|Any CPU
		{9906FBDE-8BAD-478A-8B56-EF7A6FBC1693}.Ad-Hoc|x64.ActiveCfg = Release|Any CPU
		{9906FBDE-8BAD-478A-8B56-EF7A6FBC1693}.Ad-Hoc|x64.Build.0 = Release|Any CPU
		{9906FBDE-8BAD-478A-8B56-EF7A6FBC1693}.Ad-Hoc|x86.ActiveCfg = Release|Any CPU
		{9906FBDE-8BAD-478A-8B56-EF7A6FBC1693}.Ad-Hoc|x86.Build.0 = Release|Any CPU
		{9906FBDE-8BAD-478A-8B56-EF7A6FBC1693}.AppStore|Any CPU.ActiveCfg = Release|Any CPU
		{9906FBDE-8BAD-478A-8B56-EF7A6FBC1693}.AppStore|Any CPU.Build.0 = Release|Any CPU
		{9906FBDE-8BAD-478A-8B56-EF7A6FBC1693}.AppStore|ARM.ActiveCfg = Release|Any CPU
		{9906FBDE-8BAD-478A-8B56-EF7A6FBC1693}.AppStore|ARM.Build.0 = Release|Any CPU
		{9906FBDE-8BAD-478A-8B56-EF7A6FBC1693}.AppStore|iPhone.ActiveCfg = Release|Any CPU
		{9906FBDE-8BAD-478A-8B56-EF7A6FBC1693}.AppStore|iPhone.Build.0 = Release|Any CPU
		{9906FBDE-8BAD-478A-8B56-EF7A6FBC1693}.AppStore|iPhoneSimulator.ActiveCfg = Release|Any CPU
		{9906FBDE-8BAD-478A-8B56-EF7A6FBC1693}.AppStore|iPhoneSimulator.Build.0 = Release|Any CPU
		{9906FBDE-8BAD-478A-8B56-EF7A6FBC1693}.AppStore|x64.ActiveCfg = Release|Any CPU
		{9906FBDE-8BAD-478A-8B56-EF7A6FBC1693}.AppStore|x64.Build.0 = Release|Any CPU
		{9906FBDE-8BAD-478A-8B56-EF7A6FBC1693}.AppStore|x86.ActiveCfg = Release|Any CPU
		{9906FBDE-8BAD-478A-8B56-EF7A6FBC1693}.AppStore|x86.Build.0 = Release|Any CPU
		{9906FBDE-8BAD-478A-8B56-EF7A6FBC1693}.Debug|Any CPU.ActiveCfg = Debug|Any CPU
		{9906FBDE-8BAD-478A-8B56-EF7A6FBC1693}.Debug|Any CPU.Build.0 = Debug|Any CPU
		{9906FBDE-8BAD-478A-8B56-EF7A6FBC1693}.Debug|ARM.ActiveCfg = Debug|Any CPU
		{9906FBDE-8BAD-478A-8B56-EF7A6FBC1693}.Debug|ARM.Build.0 = Debug|Any CPU
		{9906FBDE-8BAD-478A-8B56-EF7A6FBC1693}.Debug|iPhone.ActiveCfg = Debug|Any CPU
		{9906FBDE-8BAD-478A-8B56-EF7A6FBC1693}.Debug|iPhone.Build.0 = Debug|Any CPU
		{9906FBDE-8BAD-478A-8B56-EF7A6FBC1693}.Debug|iPhoneSimulator.ActiveCfg = Debug|Any CPU
		{9906FBDE-8BAD-478A-8B56-EF7A6FBC1693}.Debug|iPhoneSimulator.Build.0 = Debug|Any CPU
		{9906FBDE-8BAD-478A-8B56-EF7A6FBC1693}.Debug|x64.ActiveCfg = Debug|Any CPU
		{9906FBDE-8BAD-478A-8B56-EF7A6FBC1693}.Debug|x64.Build.0 = Debug|Any CPU
		{9906FBDE-8BAD-478A-8B56-EF7A6FBC1693}.Debug|x86.ActiveCfg = Debug|Any CPU
		{9906FBDE-8BAD-478A-8B56-EF7A6FBC1693}.Debug|x86.Build.0 = Debug|Any CPU
		{9906FBDE-8BAD-478A-8B56-EF7A6FBC1693}.Release|Any CPU.ActiveCfg = Release|Any CPU
		{9906FBDE-8BAD-478A-8B56-EF7A6FBC1693}.Release|Any CPU.Build.0 = Release|Any CPU
		{9906FBDE-8BAD-478A-8B56-EF7A6FBC1693}.Release|ARM.ActiveCfg = Release|Any CPU
		{9906FBDE-8BAD-478A-8B56-EF7A6FBC1693}.Release|ARM.Build.0 = Release|Any CPU
		{9906FBDE-8BAD-478A-8B56-EF7A6FBC1693}.Release|iPhone.ActiveCfg = Release|Any CPU
		{9906FBDE-8BAD-478A-8B56-EF7A6FBC1693}.Release|iPhone.Build.0 = Release|Any CPU
		{9906FBDE-8BAD-478A-8B56-EF7A6FBC1693}.Release|iPhoneSimulator.ActiveCfg = Release|Any CPU
		{9906FBDE-8BAD-478A-8B56-EF7A6FBC1693}.Release|iPhoneSimulator.Build.0 = Release|Any CPU
		{9906FBDE-8BAD-478A-8B56-EF7A6FBC1693}.Release|x64.ActiveCfg = Release|Any CPU
		{9906FBDE-8BAD-478A-8B56-EF7A6FBC1693}.Release|x64.Build.0 = Release|Any CPU
		{9906FBDE-8BAD-478A-8B56-EF7A6FBC1693}.Release|x86.ActiveCfg = Release|Any CPU
		{9906FBDE-8BAD-478A-8B56-EF7A6FBC1693}.Release|x86.Build.0 = Release|Any CPU
		{7EED39E7-1FF5-4F72-8DC5-95A63BAFD9A3}.Ad-Hoc|Any CPU.ActiveCfg = Release|x86
		{7EED39E7-1FF5-4F72-8DC5-95A63BAFD9A3}.Ad-Hoc|Any CPU.Build.0 = Release|x86
		{7EED39E7-1FF5-4F72-8DC5-95A63BAFD9A3}.Ad-Hoc|Any CPU.Deploy.0 = Release|x86
		{7EED39E7-1FF5-4F72-8DC5-95A63BAFD9A3}.Ad-Hoc|ARM.ActiveCfg = Release|ARM
		{7EED39E7-1FF5-4F72-8DC5-95A63BAFD9A3}.Ad-Hoc|ARM.Build.0 = Release|ARM
		{7EED39E7-1FF5-4F72-8DC5-95A63BAFD9A3}.Ad-Hoc|ARM.Deploy.0 = Release|ARM
		{7EED39E7-1FF5-4F72-8DC5-95A63BAFD9A3}.Ad-Hoc|iPhone.ActiveCfg = Release|x86
		{7EED39E7-1FF5-4F72-8DC5-95A63BAFD9A3}.Ad-Hoc|iPhone.Build.0 = Release|x86
		{7EED39E7-1FF5-4F72-8DC5-95A63BAFD9A3}.Ad-Hoc|iPhone.Deploy.0 = Release|x86
		{7EED39E7-1FF5-4F72-8DC5-95A63BAFD9A3}.Ad-Hoc|iPhoneSimulator.ActiveCfg = Release|x86
		{7EED39E7-1FF5-4F72-8DC5-95A63BAFD9A3}.Ad-Hoc|iPhoneSimulator.Build.0 = Release|x86
		{7EED39E7-1FF5-4F72-8DC5-95A63BAFD9A3}.Ad-Hoc|iPhoneSimulator.Deploy.0 = Release|x86
		{7EED39E7-1FF5-4F72-8DC5-95A63BAFD9A3}.Ad-Hoc|x64.ActiveCfg = Release|x64
		{7EED39E7-1FF5-4F72-8DC5-95A63BAFD9A3}.Ad-Hoc|x64.Build.0 = Release|x64
		{7EED39E7-1FF5-4F72-8DC5-95A63BAFD9A3}.Ad-Hoc|x64.Deploy.0 = Release|x64
		{7EED39E7-1FF5-4F72-8DC5-95A63BAFD9A3}.Ad-Hoc|x86.ActiveCfg = Release|x86
		{7EED39E7-1FF5-4F72-8DC5-95A63BAFD9A3}.Ad-Hoc|x86.Build.0 = Release|x86
		{7EED39E7-1FF5-4F72-8DC5-95A63BAFD9A3}.Ad-Hoc|x86.Deploy.0 = Release|x86
		{7EED39E7-1FF5-4F72-8DC5-95A63BAFD9A3}.AppStore|Any CPU.ActiveCfg = Release|x86
		{7EED39E7-1FF5-4F72-8DC5-95A63BAFD9A3}.AppStore|Any CPU.Build.0 = Release|x86
		{7EED39E7-1FF5-4F72-8DC5-95A63BAFD9A3}.AppStore|Any CPU.Deploy.0 = Release|x86
		{7EED39E7-1FF5-4F72-8DC5-95A63BAFD9A3}.AppStore|ARM.ActiveCfg = Release|ARM
		{7EED39E7-1FF5-4F72-8DC5-95A63BAFD9A3}.AppStore|ARM.Build.0 = Release|ARM
		{7EED39E7-1FF5-4F72-8DC5-95A63BAFD9A3}.AppStore|ARM.Deploy.0 = Release|ARM
		{7EED39E7-1FF5-4F72-8DC5-95A63BAFD9A3}.AppStore|iPhone.ActiveCfg = Release|x86
		{7EED39E7-1FF5-4F72-8DC5-95A63BAFD9A3}.AppStore|iPhone.Build.0 = Release|x86
		{7EED39E7-1FF5-4F72-8DC5-95A63BAFD9A3}.AppStore|iPhone.Deploy.0 = Release|x86
		{7EED39E7-1FF5-4F72-8DC5-95A63BAFD9A3}.AppStore|iPhoneSimulator.ActiveCfg = Release|x86
		{7EED39E7-1FF5-4F72-8DC5-95A63BAFD9A3}.AppStore|iPhoneSimulator.Build.0 = Release|x86
		{7EED39E7-1FF5-4F72-8DC5-95A63BAFD9A3}.AppStore|iPhoneSimulator.Deploy.0 = Release|x86
		{7EED39E7-1FF5-4F72-8DC5-95A63BAFD9A3}.AppStore|x64.ActiveCfg = Release|x64
		{7EED39E7-1FF5-4F72-8DC5-95A63BAFD9A3}.AppStore|x64.Build.0 = Release|x64
		{7EED39E7-1FF5-4F72-8DC5-95A63BAFD9A3}.AppStore|x64.Deploy.0 = Release|x64
		{7EED39E7-1FF5-4F72-8DC5-95A63BAFD9A3}.AppStore|x86.ActiveCfg = Release|x86
		{7EED39E7-1FF5-4F72-8DC5-95A63BAFD9A3}.AppStore|x86.Build.0 = Release|x86
		{7EED39E7-1FF5-4F72-8DC5-95A63BAFD9A3}.AppStore|x86.Deploy.0 = Release|x86
		{7EED39E7-1FF5-4F72-8DC5-95A63BAFD9A3}.Debug|Any CPU.ActiveCfg = Debug|x86
		{7EED39E7-1FF5-4F72-8DC5-95A63BAFD9A3}.Debug|ARM.ActiveCfg = Debug|ARM
		{7EED39E7-1FF5-4F72-8DC5-95A63BAFD9A3}.Debug|ARM.Build.0 = Debug|ARM
		{7EED39E7-1FF5-4F72-8DC5-95A63BAFD9A3}.Debug|ARM.Deploy.0 = Debug|ARM
		{7EED39E7-1FF5-4F72-8DC5-95A63BAFD9A3}.Debug|iPhone.ActiveCfg = Debug|x86
		{7EED39E7-1FF5-4F72-8DC5-95A63BAFD9A3}.Debug|iPhoneSimulator.ActiveCfg = Debug|x86
		{7EED39E7-1FF5-4F72-8DC5-95A63BAFD9A3}.Debug|x64.ActiveCfg = Debug|x64
		{7EED39E7-1FF5-4F72-8DC5-95A63BAFD9A3}.Debug|x64.Build.0 = Debug|x64
		{7EED39E7-1FF5-4F72-8DC5-95A63BAFD9A3}.Debug|x64.Deploy.0 = Debug|x64
		{7EED39E7-1FF5-4F72-8DC5-95A63BAFD9A3}.Debug|x86.ActiveCfg = Debug|x86
		{7EED39E7-1FF5-4F72-8DC5-95A63BAFD9A3}.Debug|x86.Build.0 = Debug|x86
		{7EED39E7-1FF5-4F72-8DC5-95A63BAFD9A3}.Debug|x86.Deploy.0 = Debug|x86
		{7EED39E7-1FF5-4F72-8DC5-95A63BAFD9A3}.Release|Any CPU.ActiveCfg = Release|x86
		{7EED39E7-1FF5-4F72-8DC5-95A63BAFD9A3}.Release|ARM.ActiveCfg = Release|ARM
		{7EED39E7-1FF5-4F72-8DC5-95A63BAFD9A3}.Release|ARM.Build.0 = Release|ARM
		{7EED39E7-1FF5-4F72-8DC5-95A63BAFD9A3}.Release|ARM.Deploy.0 = Release|ARM
		{7EED39E7-1FF5-4F72-8DC5-95A63BAFD9A3}.Release|iPhone.ActiveCfg = Release|x86
		{7EED39E7-1FF5-4F72-8DC5-95A63BAFD9A3}.Release|iPhoneSimulator.ActiveCfg = Release|x86
		{7EED39E7-1FF5-4F72-8DC5-95A63BAFD9A3}.Release|x64.ActiveCfg = Release|x64
		{7EED39E7-1FF5-4F72-8DC5-95A63BAFD9A3}.Release|x64.Build.0 = Release|x64
		{7EED39E7-1FF5-4F72-8DC5-95A63BAFD9A3}.Release|x64.Deploy.0 = Release|x64
		{7EED39E7-1FF5-4F72-8DC5-95A63BAFD9A3}.Release|x86.ActiveCfg = Release|x86
		{7EED39E7-1FF5-4F72-8DC5-95A63BAFD9A3}.Release|x86.Build.0 = Release|x86
		{7EED39E7-1FF5-4F72-8DC5-95A63BAFD9A3}.Release|x86.Deploy.0 = Release|x86
		{E9EF9965-A474-4E56-A0E3-7BF8DE1F6CB6}.Ad-Hoc|Any CPU.ActiveCfg = Ad-Hoc|iPhone
		{E9EF9965-A474-4E56-A0E3-7BF8DE1F6CB6}.Ad-Hoc|ARM.ActiveCfg = Ad-Hoc|iPhone
		{E9EF9965-A474-4E56-A0E3-7BF8DE1F6CB6}.Ad-Hoc|iPhone.ActiveCfg = Ad-Hoc|iPhone
		{E9EF9965-A474-4E56-A0E3-7BF8DE1F6CB6}.Ad-Hoc|iPhone.Build.0 = Ad-Hoc|iPhone
		{E9EF9965-A474-4E56-A0E3-7BF8DE1F6CB6}.Ad-Hoc|iPhoneSimulator.ActiveCfg = Ad-Hoc|iPhoneSimulator
		{E9EF9965-A474-4E56-A0E3-7BF8DE1F6CB6}.Ad-Hoc|iPhoneSimulator.Build.0 = Ad-Hoc|iPhoneSimulator
		{E9EF9965-A474-4E56-A0E3-7BF8DE1F6CB6}.Ad-Hoc|x64.ActiveCfg = Ad-Hoc|iPhone
		{E9EF9965-A474-4E56-A0E3-7BF8DE1F6CB6}.Ad-Hoc|x86.ActiveCfg = Ad-Hoc|iPhone
		{E9EF9965-A474-4E56-A0E3-7BF8DE1F6CB6}.AppStore|Any CPU.ActiveCfg = AppStore|iPhone
		{E9EF9965-A474-4E56-A0E3-7BF8DE1F6CB6}.AppStore|ARM.ActiveCfg = AppStore|iPhone
		{E9EF9965-A474-4E56-A0E3-7BF8DE1F6CB6}.AppStore|iPhone.ActiveCfg = AppStore|iPhone
		{E9EF9965-A474-4E56-A0E3-7BF8DE1F6CB6}.AppStore|iPhone.Build.0 = AppStore|iPhone
		{E9EF9965-A474-4E56-A0E3-7BF8DE1F6CB6}.AppStore|iPhoneSimulator.ActiveCfg = AppStore|iPhoneSimulator
		{E9EF9965-A474-4E56-A0E3-7BF8DE1F6CB6}.AppStore|iPhoneSimulator.Build.0 = AppStore|iPhoneSimulator
		{E9EF9965-A474-4E56-A0E3-7BF8DE1F6CB6}.AppStore|x64.ActiveCfg = AppStore|iPhone
		{E9EF9965-A474-4E56-A0E3-7BF8DE1F6CB6}.AppStore|x86.ActiveCfg = AppStore|iPhone
		{E9EF9965-A474-4E56-A0E3-7BF8DE1F6CB6}.Debug|Any CPU.ActiveCfg = Debug|iPhone
		{E9EF9965-A474-4E56-A0E3-7BF8DE1F6CB6}.Debug|ARM.ActiveCfg = Debug|iPhone
		{E9EF9965-A474-4E56-A0E3-7BF8DE1F6CB6}.Debug|iPhone.ActiveCfg = Debug|iPhone
		{E9EF9965-A474-4E56-A0E3-7BF8DE1F6CB6}.Debug|iPhone.Build.0 = Debug|iPhone
		{E9EF9965-A474-4E56-A0E3-7BF8DE1F6CB6}.Debug|iPhoneSimulator.ActiveCfg = Debug|iPhoneSimulator
		{E9EF9965-A474-4E56-A0E3-7BF8DE1F6CB6}.Debug|iPhoneSimulator.Build.0 = Debug|iPhoneSimulator
		{E9EF9965-A474-4E56-A0E3-7BF8DE1F6CB6}.Debug|x64.ActiveCfg = Debug|iPhone
		{E9EF9965-A474-4E56-A0E3-7BF8DE1F6CB6}.Debug|x86.ActiveCfg = Debug|iPhone
		{E9EF9965-A474-4E56-A0E3-7BF8DE1F6CB6}.Release|Any CPU.ActiveCfg = Release|iPhone
		{E9EF9965-A474-4E56-A0E3-7BF8DE1F6CB6}.Release|ARM.ActiveCfg = Release|iPhone
		{E9EF9965-A474-4E56-A0E3-7BF8DE1F6CB6}.Release|iPhone.ActiveCfg = Release|iPhone
		{E9EF9965-A474-4E56-A0E3-7BF8DE1F6CB6}.Release|iPhone.Build.0 = Release|iPhone
		{E9EF9965-A474-4E56-A0E3-7BF8DE1F6CB6}.Release|iPhoneSimulator.ActiveCfg = Release|iPhoneSimulator
		{E9EF9965-A474-4E56-A0E3-7BF8DE1F6CB6}.Release|iPhoneSimulator.Build.0 = Release|iPhoneSimulator
		{E9EF9965-A474-4E56-A0E3-7BF8DE1F6CB6}.Release|x64.ActiveCfg = Release|iPhone
		{E9EF9965-A474-4E56-A0E3-7BF8DE1F6CB6}.Release|x86.ActiveCfg = Release|iPhone
	EndGlobalSection
	GlobalSection(SolutionProperties) = preSolution
		HideSolutionNode = FALSE
	EndGlobalSection
EndGlobal
